
Microsoft Visual Studio Solution File, Format Version 12.00
# Visual Studio 2013
VisualStudioVersion = 12.0.40629.0
MinimumVisualStudioVersion = 10.0.40219.1
Project("{FAE04EC0-301F-11D3-BF4B-00C04F79EFBC}") = "AdvancedDatastructures", "Datastructures\AdvancedDatastructures.csproj", "{08527902-D9F7-4671-A497-92DA44B5AFE8}"
EndProject
Project("{FAE04EC0-301F-11D3-BF4B-00C04F79EFBC}") = "DataStructInterfaces", "DataStructInterfaces\DataStructInterfaces.csproj", "{C661D455-9C8C-4E29-82A3-3B7901B4495A}"
EndProject
Project("{FAE04EC0-301F-11D3-BF4B-00C04F79EFBC}") = "DatastructureTests", "DatastructureTests\DatastructureTests.csproj", "{2F2F0592-C3DF-400F-96EF-0DD825903520}"
EndProject
Project("{FAE04EC0-301F-11D3-BF4B-00C04F79EFBC}") = "ConsoleDSClient", "ConsoleDSClient\ConsoleDSClient.csproj", "{B201323D-EE91-4F26-AC6B-E1E09B224FF1}"
EndProject
Project("{FAE04EC0-301F-11D3-BF4B-00C04F79EFBC}") = "InterviewQuestions", "InterviewQuestions\InterviewQuestions.csproj", "{AECB81C8-04E0-4B49-A6B3-A4ECE3E35D2A}"
EndProject
Global
	GlobalSection(SolutionConfigurationPlatforms) = preSolution
		Debug|Any CPU = Debug|Any CPU
		Debug|Mixed Platforms = Debug|Mixed Platforms
		Debug|x86 = Debug|x86
		Release|Any CPU = Release|Any CPU
		Release|Mixed Platforms = Release|Mixed Platforms
		Release|x86 = Release|x86
	EndGlobalSection
	GlobalSection(ProjectConfigurationPlatforms) = postSolution
		{08527902-D9F7-4671-A497-92DA44B5AFE8}.Debug|Any CPU.ActiveCfg = Debug|x86
		{08527902-D9F7-4671-A497-92DA44B5AFE8}.Debug|Mixed Platforms.ActiveCfg = Debug|x86
		{08527902-D9F7-4671-A497-92DA44B5AFE8}.Debug|Mixed Platforms.Build.0 = Debug|x86
		{08527902-D9F7-4671-A497-92DA44B5AFE8}.Debug|x86.ActiveCfg = Debug|x86
		{08527902-D9F7-4671-A497-92DA44B5AFE8}.Debug|x86.Build.0 = Debug|x86
		{08527902-D9F7-4671-A497-92DA44B5AFE8}.Release|Any CPU.ActiveCfg = Release|x86
		{08527902-D9F7-4671-A497-92DA44B5AFE8}.Release|Mixed Platforms.ActiveCfg = Release|x86
		{08527902-D9F7-4671-A497-92DA44B5AFE8}.Release|Mixed Platforms.Build.0 = Release|x86
		{08527902-D9F7-4671-A497-92DA44B5AFE8}.Release|x86.ActiveCfg = Release|x86
		{08527902-D9F7-4671-A497-92DA44B5AFE8}.Release|x86.Build.0 = Release|x86
		{C661D455-9C8C-4E29-82A3-3B7901B4495A}.Debug|Any CPU.ActiveCfg = Debug|Any CPU
		{C661D455-9C8C-4E29-82A3-3B7901B4495A}.Debug|Any CPU.Build.0 = Debug|Any CPU
		{C661D455-9C8C-4E29-82A3-3B7901B4495A}.Debug|Mixed Platforms.ActiveCfg = Debug|Any CPU
		{C661D455-9C8C-4E29-82A3-3B7901B4495A}.Debug|Mixed Platforms.Build.0 = Debug|Any CPU
		{C661D455-9C8C-4E29-82A3-3B7901B4495A}.Debug|x86.ActiveCfg = Debug|Any CPU
		{C661D455-9C8C-4E29-82A3-3B7901B4495A}.Release|Any CPU.ActiveCfg = Release|Any CPU
		{C661D455-9C8C-4E29-82A3-3B7901B4495A}.Release|Any CPU.Build.0 = Release|Any CPU
		{C661D455-9C8C-4E29-82A3-3B7901B4495A}.Release|Mixed Platforms.ActiveCfg = Release|Any CPU
		{C661D455-9C8C-4E29-82A3-3B7901B4495A}.Release|Mixed Platforms.Build.0 = Release|Any CPU
		{C661D455-9C8C-4E29-82A3-3B7901B4495A}.Release|x86.ActiveCfg = Release|Any CPU
		{2F2F0592-C3DF-400F-96EF-0DD825903520}.Debug|Any CPU.ActiveCfg = Debug|Any CPU
		{2F2F0592-C3DF-400F-96EF-0DD825903520}.Debug|Any CPU.Build.0 = Debug|Any CPU
		{2F2F0592-C3DF-400F-96EF-0DD825903520}.Debug|Mixed Platforms.ActiveCfg = Debug|Any CPU
		{2F2F0592-C3DF-400F-96EF-0DD825903520}.Debug|Mixed Platforms.Build.0 = Debug|Any CPU
		{2F2F0592-C3DF-400F-96EF-0DD825903520}.Debug|x86.ActiveCfg = Debug|Any CPU
		{2F2F0592-C3DF-400F-96EF-0DD825903520}.Release|Any CPU.ActiveCfg = Release|Any CPU
		{2F2F0592-C3DF-400F-96EF-0DD825903520}.Release|Any CPU.Build.0 = Release|Any CPU
		{2F2F0592-C3DF-400F-96EF-0DD825903520}.Release|Mixed Platforms.ActiveCfg = Release|Any CPU
		{2F2F0592-C3DF-400F-96EF-0DD825903520}.Release|Mixed Platforms.Build.0 = Release|Any CPU
		{2F2F0592-C3DF-400F-96EF-0DD825903520}.Release|x86.ActiveCfg = Release|Any CPU
		{B201323D-EE91-4F26-AC6B-E1E09B224FF1}.Debug|Any CPU.ActiveCfg = Debug|Any CPU
		{B201323D-EE91-4F26-AC6B-E1E09B224FF1}.Debug|Any CPU.Build.0 = Debug|Any CPU
		{B201323D-EE91-4F26-AC6B-E1E09B224FF1}.Debug|Mixed Platforms.ActiveCfg = Debug|Any CPU
		{B201323D-EE91-4F26-AC6B-E1E09B224FF1}.Debug|Mixed Platforms.Build.0 = Debug|Any CPU
		{B201323D-EE91-4F26-AC6B-E1E09B224FF1}.Debug|x86.ActiveCfg = Debug|Any CPU
		{B201323D-EE91-4F26-AC6B-E1E09B224FF1}.Release|Any CPU.ActiveCfg = Release|Any CPU
		{B201323D-EE91-4F26-AC6B-E1E09B224FF1}.Release|Any CPU.Build.0 = Release|Any CPU
		{B201323D-EE91-4F26-AC6B-E1E09B224FF1}.Release|Mixed Platforms.ActiveCfg = Release|Any CPU
		{B201323D-EE91-4F26-AC6B-E1E09B224FF1}.Release|Mixed Platforms.Build.0 = Release|Any CPU
		{B201323D-EE91-4F26-AC6B-E1E09B224FF1}.Release|x86.ActiveCfg = Release|Any CPU
		{AECB81C8-04E0-4B49-A6B3-A4ECE3E35D2A}.Debug|Any CPU.ActiveCfg = Debug|Any CPU
		{AECB81C8-04E0-4B49-A6B3-A4ECE3E35D2A}.Debug|Any CPU.Build.0 = Debug|Any CPU
		{AECB81C8-04E0-4B49-A6B3-A4ECE3E35D2A}.Debug|Mixed Platforms.ActiveCfg = Debug|Any CPU
		{AECB81C8-04E0-4B49-A6B3-A4ECE3E35D2A}.Debug|Mixed Platforms.Build.0 = Debug|Any CPU
		{AECB81C8-04E0-4B49-A6B3-A4ECE3E35D2A}.Debug|x86.ActiveCfg = Debug|Any CPU
		{AECB81C8-04E0-4B49-A6B3-A4ECE3E35D2A}.Release|Any CPU.ActiveCfg = Release|Any CPU
		{AECB81C8-04E0-4B49-A6B3-A4ECE3E35D2A}.Release|Any CPU.Build.0 = Release|Any CPU
		{AECB81C8-04E0-4B49-A6B3-A4ECE3E35D2A}.Release|Mixed Platforms.ActiveCfg = Release|Any CPU
		{AECB81C8-04E0-4B49-A6B3-A4ECE3E35D2A}.Release|Mixed Platforms.Build.0 = Release|Any CPU
		{AECB81C8-04E0-4B49-A6B3-A4ECE3E35D2A}.Release|x86.ActiveCfg = Release|Any CPU
	EndGlobalSection
	GlobalSection(SolutionProperties) = preSolution
		HideSolutionNode = FALSE
	EndGlobalSection
EndGlobal
